
Microsoft Visual Studio Solution File, Format Version 12.00
# Visual Studio Version 17
VisualStudioVersion = 17.13.35913.81 d17.13
MinimumVisualStudioVersion = 10.0.40219.1
Project("{FAE04EC0-301F-11D3-BF4B-00C04F79EFBC}") = "InsertionSort", "InsertionSort.csproj", "{794E9C90-D937-46D9-BF98-7ECF3D7E9C40}"
EndProject
Global
	GlobalSection(SolutionConfigurationPlatforms) = preSolution
		Debug|Any CPU = Debug|Any CPU
		Release|Any CPU = Release|Any CPU
	EndGlobalSection
	GlobalSection(ProjectConfigurationPlatforms) = postSolution
		{794E9C90-D937-46D9-BF98-7ECF3D7E9C40}.Debug|Any CPU.ActiveCfg = Debug|Any CPU
		{794E9C90-D937-46D9-BF98-7ECF3D7E9C40}.Debug|Any CPU.Build.0 = Debug|Any CPU
		{794E9C90-D937-46D9-BF98-7ECF3D7E9C40}.Release|Any CPU.ActiveCfg = Release|Any CPU
		{794E9C90-D937-46D9-BF98-7ECF3D7E9C40}.Release|Any CPU.Build.0 = Release|Any CPU
	EndGlobalSection
	GlobalSection(SolutionProperties) = preSolution
		HideSolutionNode = FALSE
	EndGlobalSection
	GlobalSection(ExtensibilityGlobals) = postSolution
		SolutionGuid = {38226F46-F515-48A1-AD97-B934EE307876}
	EndGlobalSection
EndGlobal
